
Microsoft Visual Studio Solution File, Format Version 12.00
# Visual Studio Version 16
VisualStudioVersion = 16.0.31911.196
MinimumVisualStudioVersion = 10.0.40219.1
Project("{FAE04EC0-301F-11D3-BF4B-00C04F79EFBC}") = "HurtowniaSprzętuKomputerowego", "HurtowniaSprzętuKomputerowego\HurtowniaSprzętuKomputerowego.csproj", "{4DEC0A44-180B-4FB1-8AD4-14E6C2726043}"
EndProject
Global
	GlobalSection(SolutionConfigurationPlatforms) = preSolution
		Debug|Any CPU = Debug|Any CPU
		Release|Any CPU = Release|Any CPU
	EndGlobalSection
	GlobalSection(ProjectConfigurationPlatforms) = postSolution
		{4DEC0A44-180B-4FB1-8AD4-14E6C2726043}.Debug|Any CPU.ActiveCfg = Debug|Any CPU
		{4DEC0A44-180B-4FB1-8AD4-14E6C2726043}.Debug|Any CPU.Build.0 = Debug|Any CPU
		{4DEC0A44-180B-4FB1-8AD4-14E6C2726043}.Release|Any CPU.ActiveCfg = Release|Any CPU
		{4DEC0A44-180B-4FB1-8AD4-14E6C2726043}.Release|Any CPU.Build.0 = Release|Any CPU
	EndGlobalSection
	GlobalSection(SolutionProperties) = preSolution
		HideSolutionNode = FALSE
	EndGlobalSection
	GlobalSection(ExtensibilityGlobals) = postSolution
		SolutionGuid = {B799AC04-0333-43FF-B23F-721FBCEF630D}
	EndGlobalSection
EndGlobal
